
Microsoft Visual Studio Solution File, Format Version 12.00
# Visual Studio Version 17
VisualStudioVersion = 17.5.002.0
MinimumVisualStudioVersion = 10.0.40219.1
Project("{2150E333-8FDC-42A3-9474-1A3956D46DE8}") = ".paket", ".paket", "{C61B3000-DDCD-4B08-9F2A-6069CCDA41C7}"
	ProjectSection(SolutionItems) = preProject
		paket.dependencies = paket.dependencies
	EndProjectSection
EndProject
Project("{2150E333-8FDC-42A3-9474-1A3956D46DE8}") = "src", "src", "{0CE974A3-537B-4014-95C4-1242C1281205}"
EndProject
Project("{FAE04EC0-301F-11D3-BF4B-00C04F79EFBC}") = "GUI", "src\GUI\GUI.csproj", "{75E3C8D8-DD57-478F-A527-70A77B5A5C69}"
EndProject
Project("{FAE04EC0-301F-11D3-BF4B-00C04F79EFBC}") = "Libraries", "src\Libraries\Libraries.csproj", "{6F6B3794-BC6F-4DD0-8D96-3C6DA027520C}"
EndProject
Global
	GlobalSection(SolutionConfigurationPlatforms) = preSolution
		Debug|Any CPU = Debug|Any CPU
		Release|Any CPU = Release|Any CPU
	EndGlobalSection
	GlobalSection(ProjectConfigurationPlatforms) = postSolution
		{75E3C8D8-DD57-478F-A527-70A77B5A5C69}.Debug|Any CPU.ActiveCfg = Debug|Any CPU
		{75E3C8D8-DD57-478F-A527-70A77B5A5C69}.Debug|Any CPU.Build.0 = Debug|Any CPU
		{75E3C8D8-DD57-478F-A527-70A77B5A5C69}.Release|Any CPU.ActiveCfg = Release|Any CPU
		{75E3C8D8-DD57-478F-A527-70A77B5A5C69}.Release|Any CPU.Build.0 = Release|Any CPU
		{6F6B3794-BC6F-4DD0-8D96-3C6DA027520C}.Debug|Any CPU.ActiveCfg = Debug|Any CPU
		{6F6B3794-BC6F-4DD0-8D96-3C6DA027520C}.Debug|Any CPU.Build.0 = Debug|Any CPU
		{6F6B3794-BC6F-4DD0-8D96-3C6DA027520C}.Release|Any CPU.ActiveCfg = Release|Any CPU
		{6F6B3794-BC6F-4DD0-8D96-3C6DA027520C}.Release|Any CPU.Build.0 = Release|Any CPU
	EndGlobalSection
	GlobalSection(SolutionProperties) = preSolution
		HideSolutionNode = FALSE
	EndGlobalSection
	GlobalSection(ExtensibilityGlobals) = postSolution
		SolutionGuid = {E2E344C6-74B7-437D-92BC-1C18EDB6263B}
	EndGlobalSection
	GlobalSection(NestedProjects) = preSolution
		{75E3C8D8-DD57-478F-A527-70A77B5A5C69} = {0CE974A3-537B-4014-95C4-1242C1281205}
		{6F6B3794-BC6F-4DD0-8D96-3C6DA027520C} = {0CE974A3-537B-4014-95C4-1242C1281205}
	EndGlobalSection
EndGlobal
